// !$*UTF8*$!
{
	archiveVersion = 1;
	classes = {
	};
	objectVersion = 55;
	objects = {

/* Begin PBXBuildFile section */
		FB1432FB29918C5900927C10 /* CBSimulation.swift in Sources */ = {isa = PBXBuildFile; fileRef = FB1432FA29918C5900927C10 /* CBSimulation.swift */; };
		FB1432FC29918C5900927C10 /* CBSimulation.swift in Sources */ = {isa = PBXBuildFile; fileRef = FB1432FA29918C5900927C10 /* CBSimulation.swift */; };
		FB1A40D7293690C3003978BB /* HealthKit.framework in Frameworks */ = {isa = PBXBuildFile; fileRef = FB1A40D6293690C3003978BB /* HealthKit.framework */; };
		FB27A8FE299AABE0000129B4 /* SwiftUICharts in Frameworks */ = {isa = PBXBuildFile; productRef = FB27A8FD299AABE0000129B4 /* SwiftUICharts */; };
		FB84C43628D2292400701953 /* Tests_iOS.swift in Sources */ = {isa = PBXBuildFile; fileRef = FB84C43528D2292400701953 /* Tests_iOS.swift */; };
		FB84C43828D2292400701953 /* Tests_iOSLaunchTests.swift in Sources */ = {isa = PBXBuildFile; fileRef = FB84C43728D2292400701953 /* Tests_iOSLaunchTests.swift */; };
		FB84C44228D2292500701953 /* Tests_macOS.swift in Sources */ = {isa = PBXBuildFile; fileRef = FB84C44128D2292500701953 /* Tests_macOS.swift */; };
		FB84C44428D2292500701953 /* Tests_macOSLaunchTests.swift in Sources */ = {isa = PBXBuildFile; fileRef = FB84C44328D2292500701953 /* Tests_macOSLaunchTests.swift */; };
		FB84C44528D2292500701953 /* ElectroSenseApp.swift in Sources */ = {isa = PBXBuildFile; fileRef = FB84C41D28D2291F00701953 /* ElectroSenseApp.swift */; };
		FB84C44628D2292500701953 /* ElectroSenseApp.swift in Sources */ = {isa = PBXBuildFile; fileRef = FB84C41D28D2291F00701953 /* ElectroSenseApp.swift */; };
		FB84C44728D2292500701953 /* ContentView.swift in Sources */ = {isa = PBXBuildFile; fileRef = FB84C41E28D2291F00701953 /* ContentView.swift */; };
		FB84C44828D2292500701953 /* ContentView.swift in Sources */ = {isa = PBXBuildFile; fileRef = FB84C41E28D2291F00701953 /* ContentView.swift */; };
		FB84C44928D2292500701953 /* Assets.xcassets in Resources */ = {isa = PBXBuildFile; fileRef = FB84C41F28D2292200701953 /* Assets.xcassets */; };
		FB84C44A28D2292500701953 /* Assets.xcassets in Resources */ = {isa = PBXBuildFile; fileRef = FB84C41F28D2292200701953 /* Assets.xcassets */; };
		FBCA7ED82923E7F90089000D /* CoreBluetoothWrapFile.swift in Sources */ = {isa = PBXBuildFile; fileRef = FBCA7ED72923E7F90089000D /* CoreBluetoothWrapFile.swift */; };
		FBCA7ED92923E7F90089000D /* CoreBluetoothWrapFile.swift in Sources */ = {isa = PBXBuildFile; fileRef = FBCA7ED72923E7F90089000D /* CoreBluetoothWrapFile.swift */; };
/* End PBXBuildFile section */

/* Begin PBXContainerItemProxy section */
		FB84C43228D2292300701953 /* PBXContainerItemProxy */ = {
			isa = PBXContainerItemProxy;
			containerPortal = FB84C41828D2291E00701953 /* Project object */;
			proxyType = 1;
			remoteGlobalIDString = FB84C42328D2292200701953;
			remoteInfo = "ElectroSense (iOS)";
		};
		FB84C43E28D2292400701953 /* PBXContainerItemProxy */ = {
			isa = PBXContainerItemProxy;
			containerPortal = FB84C41828D2291E00701953 /* Project object */;
			proxyType = 1;
			remoteGlobalIDString = FB84C42928D2292200701953;
			remoteInfo = "ElectroSense (macOS)";
		};
/* End PBXContainerItemProxy section */

/* Begin PBXFileReference section */
		41545C3D292EDE9100F7C13B /* ElectroSense (iOS).entitlements */ = {isa = PBXFileReference; lastKnownFileType = text.plist.entitlements; path = "ElectroSense (iOS).entitlements"; sourceTree = "<group>"; };
		FB1432FA29918C5900927C10 /* CBSimulation.swift */ = {isa = PBXFileReference; lastKnownFileType = sourcecode.swift; path = CBSimulation.swift; sourceTree = "<group>"; };
		FB1A40D6293690C3003978BB /* HealthKit.framework */ = {isa = PBXFileReference; lastKnownFileType = wrapper.framework; name = HealthKit.framework; path = Platforms/iPhoneOS.platform/Developer/SDKs/iPhoneOS15.0.sdk/System/Library/Frameworks/HealthKit.framework; sourceTree = DEVELOPER_DIR; };
		FB84C41D28D2291F00701953 /* ElectroSenseApp.swift */ = {isa = PBXFileReference; lastKnownFileType = sourcecode.swift; path = ElectroSenseApp.swift; sourceTree = "<group>"; };
		FB84C41E28D2291F00701953 /* ContentView.swift */ = {isa = PBXFileReference; lastKnownFileType = sourcecode.swift; path = ContentView.swift; sourceTree = "<group>"; };
		FB84C41F28D2292200701953 /* Assets.xcassets */ = {isa = PBXFileReference; lastKnownFileType = folder.assetcatalog; path = Assets.xcassets; sourceTree = "<group>"; };
		FB84C42428D2292200701953 /* ElectroSense.app */ = {isa = PBXFileReference; explicitFileType = wrapper.application; includeInIndex = 0; path = ElectroSense.app; sourceTree = BUILT_PRODUCTS_DIR; };
		FB84C42A28D2292200701953 /* ElectroSense.app */ = {isa = PBXFileReference; explicitFileType = wrapper.application; includeInIndex = 0; path = ElectroSense.app; sourceTree = BUILT_PRODUCTS_DIR; };
		FB84C42C28D2292200701953 /* macOS.entitlements */ = {isa = PBXFileReference; lastKnownFileType = text.plist.entitlements; path = macOS.entitlements; sourceTree = "<group>"; };
		FB84C43128D2292300701953 /* Tests iOS.xctest */ = {isa = PBXFileReference; explicitFileType = wrapper.cfbundle; includeInIndex = 0; path = "Tests iOS.xctest"; sourceTree = BUILT_PRODUCTS_DIR; };
		FB84C43528D2292400701953 /* Tests_iOS.swift */ = {isa = PBXFileReference; lastKnownFileType = sourcecode.swift; path = Tests_iOS.swift; sourceTree = "<group>"; };
		FB84C43728D2292400701953 /* Tests_iOSLaunchTests.swift */ = {isa = PBXFileReference; lastKnownFileType = sourcecode.swift; path = Tests_iOSLaunchTests.swift; sourceTree = "<group>"; };
		FB84C43D28D2292400701953 /* Tests macOS.xctest */ = {isa = PBXFileReference; explicitFileType = wrapper.cfbundle; includeInIndex = 0; path = "Tests macOS.xctest"; sourceTree = BUILT_PRODUCTS_DIR; };
		FB84C44128D2292500701953 /* Tests_macOS.swift */ = {isa = PBXFileReference; lastKnownFileType = sourcecode.swift; path = Tests_macOS.swift; sourceTree = "<group>"; };
		FB84C44328D2292500701953 /* Tests_macOSLaunchTests.swift */ = {isa = PBXFileReference; lastKnownFileType = sourcecode.swift; path = Tests_macOSLaunchTests.swift; sourceTree = "<group>"; };
		FBCA7ED72923E7F90089000D /* CoreBluetoothWrapFile.swift */ = {isa = PBXFileReference; lastKnownFileType = sourcecode.swift; path = CoreBluetoothWrapFile.swift; sourceTree = "<group>"; };
		FBDFEBC229253F900008551D /* ElectroSense--iOS--Info.plist */ = {isa = PBXFileReference; lastKnownFileType = text.plist; path = "ElectroSense--iOS--Info.plist"; sourceTree = "<group>"; };
/* End PBXFileReference section */

/* Begin PBXFrameworksBuildPhase section */
		FB84C42128D2292200701953 /* Frameworks */ = {
			isa = PBXFrameworksBuildPhase;
			buildActionMask = 2147483647;
			files = (
				FB1A40D7293690C3003978BB /* HealthKit.framework in Frameworks */,
				FB27A8FE299AABE0000129B4 /* SwiftUICharts in Frameworks */,
			);
			runOnlyForDeploymentPostprocessing = 0;
		};
		FB84C42728D2292200701953 /* Frameworks */ = {
			isa = PBXFrameworksBuildPhase;
			buildActionMask = 2147483647;
			files = (
			);
			runOnlyForDeploymentPostprocessing = 0;
		};
		FB84C42E28D2292300701953 /* Frameworks */ = {
			isa = PBXFrameworksBuildPhase;
			buildActionMask = 2147483647;
			files = (
			);
			runOnlyForDeploymentPostprocessing = 0;
		};
		FB84C43A28D2292400701953 /* Frameworks */ = {
			isa = PBXFrameworksBuildPhase;
			buildActionMask = 2147483647;
			files = (
			);
			runOnlyForDeploymentPostprocessing = 0;
		};
/* End PBXFrameworksBuildPhase section */

/* Begin PBXGroup section */
		FB1A40D5293690C3003978BB /* Frameworks */ = {
			isa = PBXGroup;
			children = (
				FB1A40D6293690C3003978BB /* HealthKit.framework */,
			);
			name = Frameworks;
			sourceTree = "<group>";
		};
		FB84C41728D2291D00701953 = {
			isa = PBXGroup;
			children = (
				41545C3D292EDE9100F7C13B /* ElectroSense (iOS).entitlements */,
				FBDFEBC229253F900008551D /* ElectroSense--iOS--Info.plist */,
				FB84C41C28D2291E00701953 /* Shared */,
				FB84C42B28D2292200701953 /* macOS */,
				FB84C43428D2292300701953 /* Tests iOS */,
				FB84C44028D2292400701953 /* Tests macOS */,
				FB84C42528D2292200701953 /* Products */,
				FB1A40D5293690C3003978BB /* Frameworks */,
			);
			sourceTree = "<group>";
		};
		FB84C41C28D2291E00701953 /* Shared */ = {
			isa = PBXGroup;
			children = (
				FB84C41D28D2291F00701953 /* ElectroSenseApp.swift */,
				FB84C41E28D2291F00701953 /* ContentView.swift */,
				FB84C41F28D2292200701953 /* Assets.xcassets */,
				FBCA7ED72923E7F90089000D /* CoreBluetoothWrapFile.swift */,
				FB1432FA29918C5900927C10 /* CBSimulation.swift */,
			);
			path = Shared;
			sourceTree = "<group>";
		};
		FB84C42528D2292200701953 /* Products */ = {
			isa = PBXGroup;
			children = (
				FB84C42428D2292200701953 /* ElectroSense.app */,
				FB84C42A28D2292200701953 /* ElectroSense.app */,
				FB84C43128D2292300701953 /* Tests iOS.xctest */,
				FB84C43D28D2292400701953 /* Tests macOS.xctest */,
			);
			name = Products;
			sourceTree = "<group>";
		};
		FB84C42B28D2292200701953 /* macOS */ = {
			isa = PBXGroup;
			children = (
				FB84C42C28D2292200701953 /* macOS.entitlements */,
			);
			path = macOS;
			sourceTree = "<group>";
		};
		FB84C43428D2292300701953 /* Tests iOS */ = {
			isa = PBXGroup;
			children = (
				FB84C43528D2292400701953 /* Tests_iOS.swift */,
				FB84C43728D2292400701953 /* Tests_iOSLaunchTests.swift */,
			);
			path = "Tests iOS";
			sourceTree = "<group>";
		};
		FB84C44028D2292400701953 /* Tests macOS */ = {
			isa = PBXGroup;
			children = (
				FB84C44128D2292500701953 /* Tests_macOS.swift */,
				FB84C44328D2292500701953 /* Tests_macOSLaunchTests.swift */,
			);
			path = "Tests macOS";
			sourceTree = "<group>";
		};
/* End PBXGroup section */

/* Begin PBXNativeTarget section */
		FB84C42328D2292200701953 /* ElectroSense (iOS) */ = {
			isa = PBXNativeTarget;
			buildConfigurationList = FB84C44D28D2292500701953 /* Build configuration list for PBXNativeTarget "ElectroSense (iOS)" */;
			buildPhases = (
				FB84C42028D2292200701953 /* Sources */,
				FB84C42128D2292200701953 /* Frameworks */,
				FB84C42228D2292200701953 /* Resources */,
			);
			buildRules = (
			);
			dependencies = (
			);
			name = "ElectroSense (iOS)";
			packageProductDependencies = (
				FB27A8FD299AABE0000129B4 /* SwiftUICharts */,
			);
			productName = "ElectroSense (iOS)";
			productReference = FB84C42428D2292200701953 /* ElectroSense.app */;
			productType = "com.apple.product-type.application";
		};
		FB84C42928D2292200701953 /* ElectroSense (macOS) */ = {
			isa = PBXNativeTarget;
			buildConfigurationList = FB84C45028D2292500701953 /* Build configuration list for PBXNativeTarget "ElectroSense (macOS)" */;
			buildPhases = (
				FB84C42628D2292200701953 /* Sources */,
				FB84C42728D2292200701953 /* Frameworks */,
				FB84C42828D2292200701953 /* Resources */,
			);
			buildRules = (
			);
			dependencies = (
			);
			name = "ElectroSense (macOS)";
			productName = "ElectroSense (macOS)";
			productReference = FB84C42A28D2292200701953 /* ElectroSense.app */;
			productType = "com.apple.product-type.application";
		};
		FB84C43028D2292300701953 /* Tests iOS */ = {
			isa = PBXNativeTarget;
			buildConfigurationList = FB84C45328D2292500701953 /* Build configuration list for PBXNativeTarget "Tests iOS" */;
			buildPhases = (
				FB84C42D28D2292300701953 /* Sources */,
				FB84C42E28D2292300701953 /* Frameworks */,
				FB84C42F28D2292300701953 /* Resources */,
			);
			buildRules = (
			);
			dependencies = (
				FB84C43328D2292300701953 /* PBXTargetDependency */,
			);
			name = "Tests iOS";
			productName = "Tests iOS";
			productReference = FB84C43128D2292300701953 /* Tests iOS.xctest */;
			productType = "com.apple.product-type.bundle.ui-testing";
		};
		FB84C43C28D2292400701953 /* Tests macOS */ = {
			isa = PBXNativeTarget;
			buildConfigurationList = FB84C45628D2292500701953 /* Build configuration list for PBXNativeTarget "Tests macOS" */;
			buildPhases = (
				FB84C43928D2292400701953 /* Sources */,
				FB84C43A28D2292400701953 /* Frameworks */,
				FB84C43B28D2292400701953 /* Resources */,
			);
			buildRules = (
			);
			dependencies = (
				FB84C43F28D2292400701953 /* PBXTargetDependency */,
			);
			name = "Tests macOS";
			productName = "Tests macOS";
			productReference = FB84C43D28D2292400701953 /* Tests macOS.xctest */;
			productType = "com.apple.product-type.bundle.ui-testing";
		};
/* End PBXNativeTarget section */

/* Begin PBXProject section */
		FB84C41828D2291E00701953 /* Project object */ = {
			isa = PBXProject;
			attributes = {
				BuildIndependentTargetsInParallel = 1;
				LastSwiftUpdateCheck = 1300;
				LastUpgradeCheck = 1300;
				TargetAttributes = {
					FB84C42328D2292200701953 = {
						CreatedOnToolsVersion = 13.0;
						LastSwiftMigration = 1300;
					};
					FB84C42928D2292200701953 = {
						CreatedOnToolsVersion = 13.0;
						LastSwiftMigration = 1300;
					};
					FB84C43028D2292300701953 = {
						CreatedOnToolsVersion = 13.0;
						TestTargetID = FB84C42328D2292200701953;
					};
					FB84C43C28D2292400701953 = {
						CreatedOnToolsVersion = 13.0;
						TestTargetID = FB84C42928D2292200701953;
					};
				};
			};
			buildConfigurationList = FB84C41B28D2291E00701953 /* Build configuration list for PBXProject "ElectroSense" */;
			compatibilityVersion = "Xcode 13.0";
			developmentRegion = en;
			hasScannedForEncodings = 0;
			knownRegions = (
				en,
				Base,
			);
			mainGroup = FB84C41728D2291D00701953;
			packageReferences = (
				FB27A8FC299AAB9C000129B4 /* XCRemoteSwiftPackageReference "ChartView" */,
			);
			productRefGroup = FB84C42528D2292200701953 /* Products */;
			projectDirPath = "";
			projectRoot = "";
			targets = (
				FB84C42328D2292200701953 /* ElectroSense (iOS) */,
				FB84C42928D2292200701953 /* ElectroSense (macOS) */,
				FB84C43028D2292300701953 /* Tests iOS */,
				FB84C43C28D2292400701953 /* Tests macOS */,
			);
		};
/* End PBXProject section */

/* Begin PBXResourcesBuildPhase section */
		FB84C42228D2292200701953 /* Resources */ = {
			isa = PBXResourcesBuildPhase;
			buildActionMask = 2147483647;
			files = (
				FB84C44928D2292500701953 /* Assets.xcassets in Resources */,
			);
			runOnlyForDeploymentPostprocessing = 0;
		};
		FB84C42828D2292200701953 /* Resources */ = {
			isa = PBXResourcesBuildPhase;
			buildActionMask = 2147483647;
			files = (
				FB84C44A28D2292500701953 /* Assets.xcassets in Resources */,
			);
			runOnlyForDeploymentPostprocessing = 0;
		};
		FB84C42F28D2292300701953 /* Resources */ = {
			isa = PBXResourcesBuildPhase;
			buildActionMask = 2147483647;
			files = (
			);
			runOnlyForDeploymentPostprocessing = 0;
		};
		FB84C43B28D2292400701953 /* Resources */ = {
			isa = PBXResourcesBuildPhase;
			buildActionMask = 2147483647;
			files = (
			);
			runOnlyForDeploymentPostprocessing = 0;
		};
/* End PBXResourcesBuildPhase section */

/* Begin PBXSourcesBuildPhase section */
		FB84C42028D2292200701953 /* Sources */ = {
			isa = PBXSourcesBuildPhase;
			buildActionMask = 2147483647;
			files = (
				FBCA7ED82923E7F90089000D /* CoreBluetoothWrapFile.swift in Sources */,
				FB84C44728D2292500701953 /* ContentView.swift in Sources */,
				FB84C44528D2292500701953 /* ElectroSenseApp.swift in Sources */,
				FB1432FB29918C5900927C10 /* CBSimulation.swift in Sources */,
			);
			runOnlyForDeploymentPostprocessing = 0;
		};
		FB84C42628D2292200701953 /* Sources */ = {
			isa = PBXSourcesBuildPhase;
			buildActionMask = 2147483647;
			files = (
				FBCA7ED92923E7F90089000D /* CoreBluetoothWrapFile.swift in Sources */,
				FB84C44828D2292500701953 /* ContentView.swift in Sources */,
				FB84C44628D2292500701953 /* ElectroSenseApp.swift in Sources */,
				FB1432FC29918C5900927C10 /* CBSimulation.swift in Sources */,
			);
			runOnlyForDeploymentPostprocessing = 0;
		};
		FB84C42D28D2292300701953 /* Sources */ = {
			isa = PBXSourcesBuildPhase;
			buildActionMask = 2147483647;
			files = (
				FB84C43828D2292400701953 /* Tests_iOSLaunchTests.swift in Sources */,
				FB84C43628D2292400701953 /* Tests_iOS.swift in Sources */,
			);
			runOnlyForDeploymentPostprocessing = 0;
		};
		FB84C43928D2292400701953 /* Sources */ = {
			isa = PBXSourcesBuildPhase;
			buildActionMask = 2147483647;
			files = (
				FB84C44428D2292500701953 /* Tests_macOSLaunchTests.swift in Sources */,
				FB84C44228D2292500701953 /* Tests_macOS.swift in Sources */,
			);
			runOnlyForDeploymentPostprocessing = 0;
		};
/* End PBXSourcesBuildPhase section */

/* Begin PBXTargetDependency section */
		FB84C43328D2292300701953 /* PBXTargetDependency */ = {
			isa = PBXTargetDependency;
			target = FB84C42328D2292200701953 /* ElectroSense (iOS) */;
			targetProxy = FB84C43228D2292300701953 /* PBXContainerItemProxy */;
		};
		FB84C43F28D2292400701953 /* PBXTargetDependency */ = {
			isa = PBXTargetDependency;
			target = FB84C42928D2292200701953 /* ElectroSense (macOS) */;
			targetProxy = FB84C43E28D2292400701953 /* PBXContainerItemProxy */;
		};
/* End PBXTargetDependency section */

/* Begin XCBuildConfiguration section */
		FB84C44B28D2292500701953 /* Debug */ = {
			isa = XCBuildConfiguration;
			buildSettings = {
				ALWAYS_SEARCH_USER_PATHS = NO;
				CLANG_ANALYZER_NONNULL = YES;
				CLANG_ANALYZER_NUMBER_OBJECT_CONVERSION = YES_AGGRESSIVE;
				CLANG_CXX_LANGUAGE_STANDARD = "gnu++17";
				CLANG_CXX_LIBRARY = "libc++";
				CLANG_ENABLE_MODULES = YES;
				CLANG_ENABLE_OBJC_ARC = YES;
				CLANG_ENABLE_OBJC_WEAK = YES;
				CLANG_WARN_BLOCK_CAPTURE_AUTORELEASING = YES;
				CLANG_WARN_BOOL_CONVERSION = YES;
				CLANG_WARN_COMMA = YES;
				CLANG_WARN_CONSTANT_CONVERSION = YES;
				CLANG_WARN_DEPRECATED_OBJC_IMPLEMENTATIONS = YES;
				CLANG_WARN_DIRECT_OBJC_ISA_USAGE = YES_ERROR;
				CLANG_WARN_DOCUMENTATION_COMMENTS = YES;
				CLANG_WARN_EMPTY_BODY = YES;
				CLANG_WARN_ENUM_CONVERSION = YES;
				CLANG_WARN_INFINITE_RECURSION = YES;
				CLANG_WARN_INT_CONVERSION = YES;
				CLANG_WARN_NON_LITERAL_NULL_CONVERSION = YES;
				CLANG_WARN_OBJC_IMPLICIT_RETAIN_SELF = YES;
				CLANG_WARN_OBJC_LITERAL_CONVERSION = YES;
				CLANG_WARN_OBJC_ROOT_CLASS = YES_ERROR;
				CLANG_WARN_QUOTED_INCLUDE_IN_FRAMEWORK_HEADER = YES;
				CLANG_WARN_RANGE_LOOP_ANALYSIS = YES;
				CLANG_WARN_STRICT_PROTOTYPES = YES;
				CLANG_WARN_SUSPICIOUS_MOVE = YES;
				CLANG_WARN_UNGUARDED_AVAILABILITY = YES_AGGRESSIVE;
				CLANG_WARN_UNREACHABLE_CODE = YES;
				CLANG_WARN__DUPLICATE_METHOD_MATCH = YES;
				COPY_PHASE_STRIP = NO;
				DEBUG_INFORMATION_FORMAT = dwarf;
				ENABLE_STRICT_OBJC_MSGSEND = YES;
				ENABLE_TESTABILITY = YES;
				GCC_C_LANGUAGE_STANDARD = gnu11;
				GCC_DYNAMIC_NO_PIC = NO;
				GCC_NO_COMMON_BLOCKS = YES;
				GCC_OPTIMIZATION_LEVEL = 0;
				GCC_PREPROCESSOR_DEFINITIONS = (
					"DEBUG=1",
					"$(inherited)",
				);
				GCC_WARN_64_TO_32_BIT_CONVERSION = YES;
				GCC_WARN_ABOUT_RETURN_TYPE = YES_ERROR;
				GCC_WARN_UNDECLARED_SELECTOR = YES;
				GCC_WARN_UNINITIALIZED_AUTOS = YES_AGGRESSIVE;
				GCC_WARN_UNUSED_FUNCTION = YES;
				GCC_WARN_UNUSED_VARIABLE = YES;
				MTL_ENABLE_DEBUG_INFO = INCLUDE_SOURCE;
				MTL_FAST_MATH = YES;
				ONLY_ACTIVE_ARCH = YES;
				SWIFT_ACTIVE_COMPILATION_CONDITIONS = DEBUG;
				SWIFT_OPTIMIZATION_LEVEL = "-Onone";
			};
			name = Debug;
		};
		FB84C44C28D2292500701953 /* Release */ = {
			isa = XCBuildConfiguration;
			buildSettings = {
				ALWAYS_SEARCH_USER_PATHS = NO;
				CLANG_ANALYZER_NONNULL = YES;
				CLANG_ANALYZER_NUMBER_OBJECT_CONVERSION = YES_AGGRESSIVE;
				CLANG_CXX_LANGUAGE_STANDARD = "gnu++17";
				CLANG_CXX_LIBRARY = "libc++";
				CLANG_ENABLE_MODULES = YES;
				CLANG_ENABLE_OBJC_ARC = YES;
				CLANG_ENABLE_OBJC_WEAK = YES;
				CLANG_WARN_BLOCK_CAPTURE_AUTORELEASING = YES;
				CLANG_WARN_BOOL_CONVERSION = YES;
				CLANG_WARN_COMMA = YES;
				CLANG_WARN_CONSTANT_CONVERSION = YES;
				CLANG_WARN_DEPRECATED_OBJC_IMPLEMENTATIONS = YES;
				CLANG_WARN_DIRECT_OBJC_ISA_USAGE = YES_ERROR;
				CLANG_WARN_DOCUMENTATION_COMMENTS = YES;
				CLANG_WARN_EMPTY_BODY = YES;
				CLANG_WARN_ENUM_CONVERSION = YES;
				CLANG_WARN_INFINITE_RECURSION = YES;
				CLANG_WARN_INT_CONVERSION = YES;
				CLANG_WARN_NON_LITERAL_NULL_CONVERSION = YES;
				CLANG_WARN_OBJC_IMPLICIT_RETAIN_SELF = YES;
				CLANG_WARN_OBJC_LITERAL_CONVERSION = YES;
				CLANG_WARN_OBJC_ROOT_CLASS = YES_ERROR;
				CLANG_WARN_QUOTED_INCLUDE_IN_FRAMEWORK_HEADER = YES;
				CLANG_WARN_RANGE_LOOP_ANALYSIS = YES;
				CLANG_WARN_STRICT_PROTOTYPES = YES;
				CLANG_WARN_SUSPICIOUS_MOVE = YES;
				CLANG_WARN_UNGUARDED_AVAILABILITY = YES_AGGRESSIVE;
				CLANG_WARN_UNREACHABLE_CODE = YES;
				CLANG_WARN__DUPLICATE_METHOD_MATCH = YES;
				COPY_PHASE_STRIP = NO;
				DEBUG_INFORMATION_FORMAT = "dwarf-with-dsym";
				ENABLE_NS_ASSERTIONS = NO;
				ENABLE_STRICT_OBJC_MSGSEND = YES;
				GCC_C_LANGUAGE_STANDARD = gnu11;
				GCC_NO_COMMON_BLOCKS = YES;
				GCC_WARN_64_TO_32_BIT_CONVERSION = YES;
				GCC_WARN_ABOUT_RETURN_TYPE = YES_ERROR;
				GCC_WARN_UNDECLARED_SELECTOR = YES;
				GCC_WARN_UNINITIALIZED_AUTOS = YES_AGGRESSIVE;
				GCC_WARN_UNUSED_FUNCTION = YES;
				GCC_WARN_UNUSED_VARIABLE = YES;
				MTL_ENABLE_DEBUG_INFO = NO;
				MTL_FAST_MATH = YES;
				SWIFT_COMPILATION_MODE = wholemodule;
				SWIFT_OPTIMIZATION_LEVEL = "-O";
			};
			name = Release;
		};
		FB84C44E28D2292500701953 /* Debug */ = {
			isa = XCBuildConfiguration;
			buildSettings = {
				ASSETCATALOG_COMPILER_APPICON_NAME = AppIcon;
				ASSETCATALOG_COMPILER_GLOBAL_ACCENT_COLOR_NAME = AccentColor;
				CLANG_ENABLE_MODULES = YES;
				CODE_SIGN_ENTITLEMENTS = "ElectroSense (iOS).entitlements";
				CODE_SIGN_IDENTITY = "Apple Development";
				CODE_SIGN_STYLE = Automatic;
				CURRENT_PROJECT_VERSION = 4;
				DEVELOPMENT_TEAM = WL39568T2Y;
				ENABLE_PREVIEWS = YES;
				GENERATE_INFOPLIST_FILE = YES;
				INFOPLIST_FILE = "ElectroSense--iOS--Info.plist";
				INFOPLIST_KEY_CFBundleDisplayName = ElectroSense;
				INFOPLIST_KEY_LSApplicationCategoryType = "public.app-category.healthcare-fitness";
				INFOPLIST_KEY_NSBluetoothAlwaysUsageDescription = "Check if works";
				INFOPLIST_KEY_NSBluetoothPeripheralUsageDescription = "Check if works";
				INFOPLIST_KEY_NSHealthShareUsageDescription = "Check if works";
				INFOPLIST_KEY_NSHealthUpdateUsageDescription = "Check if works";
				INFOPLIST_KEY_UIApplicationSceneManifest_Generation = YES;
				INFOPLIST_KEY_UIApplicationSupportsIndirectInputEvents = YES;
				INFOPLIST_KEY_UILaunchScreen_Generation = YES;
				INFOPLIST_KEY_UISupportedInterfaceOrientations_iPad = "UIInterfaceOrientationPortrait UIInterfaceOrientationPortraitUpsideDown UIInterfaceOrientationLandscapeLeft UIInterfaceOrientationLandscapeRight";
				INFOPLIST_KEY_UISupportedInterfaceOrientations_iPhone = "UIInterfaceOrientationPortrait UIInterfaceOrientationLandscapeLeft UIInterfaceOrientationLandscapeRight";
				IPHONEOS_DEPLOYMENT_TARGET = 15.0;
				LD_RUNPATH_SEARCH_PATHS = (
					"$(inherited)",
					"@executable_path/Frameworks",
				);
				MARKETING_VERSION = 1.31;
				PRODUCT_BUNDLE_IDENTIFIER = ElectroSenseApps.xcodeproj;
				PRODUCT_NAME = ElectroSense;
				PROVISIONING_PROFILE_SPECIFIER = "";
				SDKROOT = iphoneos;
				SWIFT_EMIT_LOC_STRINGS = YES;
				SWIFT_OPTIMIZATION_LEVEL = "-Onone";
				SWIFT_VERSION = 5.0;
				TARGETED_DEVICE_FAMILY = "1,2";
			};
			name = Debug;
		};
		FB84C44F28D2292500701953 /* Release */ = {
			isa = XCBuildConfiguration;
			buildSettings = {
				ASSETCATALOG_COMPILER_APPICON_NAME = AppIcon;
				ASSETCATALOG_COMPILER_GLOBAL_ACCENT_COLOR_NAME = AccentColor;
				CLANG_ENABLE_MODULES = YES;
				CODE_SIGN_ENTITLEMENTS = "ElectroSense (iOS).entitlements";
				CODE_SIGN_IDENTITY = "Apple Development";
				CODE_SIGN_STYLE = Automatic;
				CURRENT_PROJECT_VERSION = 4;
				DEVELOPMENT_TEAM = WL39568T2Y;
				ENABLE_PREVIEWS = YES;
				GENERATE_INFOPLIST_FILE = YES;
				INFOPLIST_FILE = "ElectroSense--iOS--Info.plist";
				INFOPLIST_KEY_CFBundleDisplayName = ElectroSense;
				INFOPLIST_KEY_LSApplicationCategoryType = "public.app-category.healthcare-fitness";
				INFOPLIST_KEY_NSBluetoothAlwaysUsageDescription = "Check if works";
				INFOPLIST_KEY_NSBluetoothPeripheralUsageDescription = "Check if works";
				INFOPLIST_KEY_NSHealthShareUsageDescription = "Check if works";
				INFOPLIST_KEY_NSHealthUpdateUsageDescription = "Check if works";
				INFOPLIST_KEY_UIApplicationSceneManifest_Generation = YES;
				INFOPLIST_KEY_UIApplicationSupportsIndirectInputEvents = YES;
				INFOPLIST_KEY_UILaunchScreen_Generation = YES;
				INFOPLIST_KEY_UISupportedInterfaceOrientations_iPad = "UIInterfaceOrientationPortrait UIInterfaceOrientationPortraitUpsideDown UIInterfaceOrientationLandscapeLeft UIInterfaceOrientationLandscapeRight";
				INFOPLIST_KEY_UISupportedInterfaceOrientations_iPhone = "UIInterfaceOrientationPortrait UIInterfaceOrientationLandscapeLeft UIInterfaceOrientationLandscapeRight";
				IPHONEOS_DEPLOYMENT_TARGET = 15.0;
				LD_RUNPATH_SEARCH_PATHS = (
					"$(inherited)",
					"@executable_path/Frameworks",
				);
				MARKETING_VERSION = 1.31;
				PRODUCT_BUNDLE_IDENTIFIER = ElectroSenseApps.xcodeproj;
				PRODUCT_NAME = ElectroSense;
				PROVISIONING_PROFILE_SPECIFIER = "";
				SDKROOT = iphoneos;
				SWIFT_EMIT_LOC_STRINGS = YES;
				SWIFT_VERSION = 5.0;
				TARGETED_DEVICE_FAMILY = "1,2";
				VALIDATE_PRODUCT = YES;
			};
			name = Release;
		};
		FB84C45128D2292500701953 /* Debug */ = {
			isa = XCBuildConfiguration;
			buildSettings = {
				ASSETCATALOG_COMPILER_APPICON_NAME = AppIcon;
				ASSETCATALOG_COMPILER_GLOBAL_ACCENT_COLOR_NAME = AccentColor;
				CLANG_ENABLE_MODULES = YES;
				CODE_SIGN_ENTITLEMENTS = macOS/macOS.entitlements;
				CODE_SIGN_STYLE = Automatic;
				COMBINE_HIDPI_IMAGES = YES;
				CURRENT_PROJECT_VERSION = 1;
				ENABLE_PREVIEWS = YES;
				GENERATE_INFOPLIST_FILE = YES;
				INFOPLIST_KEY_NSHumanReadableCopyright = "";
				LD_RUNPATH_SEARCH_PATHS = (
					"$(inherited)",
					"@executable_path/../Frameworks",
				);
				MACOSX_DEPLOYMENT_TARGET = 11.0;
				MARKETING_VERSION = 1.0;
				PRODUCT_BUNDLE_IDENTIFIER = ElectroSense.ElectroSense;
				PRODUCT_NAME = ElectroSense;
				SDKROOT = macosx;
				SWIFT_EMIT_LOC_STRINGS = YES;
				SWIFT_OPTIMIZATION_LEVEL = "-Onone";
				SWIFT_VERSION = 5.0;
			};
			name = Debug;
		};
		FB84C45228D2292500701953 /* Release */ = {
			isa = XCBuildConfiguration;
			buildSettings = {
				ASSETCATALOG_COMPILER_APPICON_NAME = AppIcon;
				ASSETCATALOG_COMPILER_GLOBAL_ACCENT_COLOR_NAME = AccentColor;
				CLANG_ENABLE_MODULES = YES;
				CODE_SIGN_ENTITLEMENTS = macOS/macOS.entitlements;
				CODE_SIGN_STYLE = Automatic;
				COMBINE_HIDPI_IMAGES = YES;
				CURRENT_PROJECT_VERSION = 1;
				ENABLE_PREVIEWS = YES;
				GENERATE_INFOPLIST_FILE = YES;
				INFOPLIST_KEY_NSHumanReadableCopyright = "";
				LD_RUNPATH_SEARCH_PATHS = (
					"$(inherited)",
					"@executable_path/../Frameworks",
				);
				MACOSX_DEPLOYMENT_TARGET = 11.0;
				MARKETING_VERSION = 1.0;
				PRODUCT_BUNDLE_IDENTIFIER = ElectroSense.ElectroSense;
				PRODUCT_NAME = ElectroSense;
				SDKROOT = macosx;
				SWIFT_EMIT_LOC_STRINGS = YES;
				SWIFT_VERSION = 5.0;
			};
			name = Release;
		};
		FB84C45428D2292500701953 /* Debug */ = {
			isa = XCBuildConfiguration;
			buildSettings = {
				ALWAYS_EMBED_SWIFT_STANDARD_LIBRARIES = YES;
				CODE_SIGN_STYLE = Automatic;
				CURRENT_PROJECT_VERSION = 1;
				GENERATE_INFOPLIST_FILE = YES;
				IPHONEOS_DEPLOYMENT_TARGET = 15.0;
				LD_RUNPATH_SEARCH_PATHS = (
					"$(inherited)",
					"@executable_path/Frameworks",
					"@loader_path/Frameworks",
				);
				MARKETING_VERSION = 1.0;
				PRODUCT_BUNDLE_IDENTIFIER = "ElectroSense.Tests-iOS";
				PRODUCT_NAME = "$(TARGET_NAME)";
				SDKROOT = iphoneos;
				SWIFT_EMIT_LOC_STRINGS = NO;
				SWIFT_VERSION = 5.0;
				TARGETED_DEVICE_FAMILY = "1,2";
				TEST_TARGET_NAME = "ElectroSense (iOS)";
			};
			name = Debug;
		};
		FB84C45528D2292500701953 /* Release */ = {
			isa = XCBuildConfiguration;
			buildSettings = {
				ALWAYS_EMBED_SWIFT_STANDARD_LIBRARIES = YES;
				CODE_SIGN_STYLE = Automatic;
				CURRENT_PROJECT_VERSION = 1;
				GENERATE_INFOPLIST_FILE = YES;
				IPHONEOS_DEPLOYMENT_TARGET = 15.0;
				LD_RUNPATH_SEARCH_PATHS = (
					"$(inherited)",
					"@executable_path/Frameworks",
					"@loader_path/Frameworks",
				);
				MARKETING_VERSION = 1.0;
				PRODUCT_BUNDLE_IDENTIFIER = "ElectroSense.Tests-iOS";
				PRODUCT_NAME = "$(TARGET_NAME)";
				SDKROOT = iphoneos;
				SWIFT_EMIT_LOC_STRINGS = NO;
				SWIFT_VERSION = 5.0;
				TARGETED_DEVICE_FAMILY = "1,2";
				TEST_TARGET_NAME = "ElectroSense (iOS)";
				VALIDATE_PRODUCT = YES;
			};
			name = Release;
		};
		FB84C45728D2292500701953 /* Debug */ = {
			isa = XCBuildConfiguration;
			buildSettings = {
				ALWAYS_EMBED_SWIFT_STANDARD_LIBRARIES = YES;
				CODE_SIGN_STYLE = Automatic;
				COMBINE_HIDPI_IMAGES = YES;
				CURRENT_PROJECT_VERSION = 1;
				GENERATE_INFOPLIST_FILE = YES;
				LD_RUNPATH_SEARCH_PATHS = (
					"$(inherited)",
					"@executable_path/../Frameworks",
					"@loader_path/../Frameworks",
				);
				MACOSX_DEPLOYMENT_TARGET = 11.3;
				MARKETING_VERSION = 1.0;
				PRODUCT_BUNDLE_IDENTIFIER = "ElectroSense.Tests-macOS";
				PRODUCT_NAME = "$(TARGET_NAME)";
				SDKROOT = macosx;
				SWIFT_EMIT_LOC_STRINGS = NO;
				SWIFT_VERSION = 5.0;
				TEST_TARGET_NAME = "ElectroSense (macOS)";
			};
			name = Debug;
		};
		FB84C45828D2292500701953 /* Release */ = {
			isa = XCBuildConfiguration;
			buildSettings = {
				ALWAYS_EMBED_SWIFT_STANDARD_LIBRARIES = YES;
				CODE_SIGN_STYLE = Automatic;
				COMBINE_HIDPI_IMAGES = YES;
				CURRENT_PROJECT_VERSION = 1;
				GENERATE_INFOPLIST_FILE = YES;
				LD_RUNPATH_SEARCH_PATHS = (
					"$(inherited)",
					"@executable_path/../Frameworks",
					"@loader_path/../Frameworks",
				);
				MACOSX_DEPLOYMENT_TARGET = 11.3;
				MARKETING_VERSION = 1.0;
				PRODUCT_BUNDLE_IDENTIFIER = "ElectroSense.Tests-macOS";
				PRODUCT_NAME = "$(TARGET_NAME)";
				SDKROOT = macosx;
				SWIFT_EMIT_LOC_STRINGS = NO;
				SWIFT_VERSION = 5.0;
				TEST_TARGET_NAME = "ElectroSense (macOS)";
			};
			name = Release;
		};
/* End XCBuildConfiguration section */

/* Begin XCConfigurationList section */
		FB84C41B28D2291E00701953 /* Build configuration list for PBXProject "ElectroSense" */ = {
			isa = XCConfigurationList;
			buildConfigurations = (
				FB84C44B28D2292500701953 /* Debug */,
				FB84C44C28D2292500701953 /* Release */,
			);
			defaultConfigurationIsVisible = 0;
			defaultConfigurationName = Release;
		};
		FB84C44D28D2292500701953 /* Build configuration list for PBXNativeTarget "ElectroSense (iOS)" */ = {
			isa = XCConfigurationList;
			buildConfigurations = (
				FB84C44E28D2292500701953 /* Debug */,
				FB84C44F28D2292500701953 /* Release */,
			);
			defaultConfigurationIsVisible = 0;
			defaultConfigurationName = Release;
		};
		FB84C45028D2292500701953 /* Build configuration list for PBXNativeTarget "ElectroSense (macOS)" */ = {
			isa = XCConfigurationList;
			buildConfigurations = (
				FB84C45128D2292500701953 /* Debug */,
				FB84C45228D2292500701953 /* Release */,
			);
			defaultConfigurationIsVisible = 0;
			defaultConfigurationName = Release;
		};
		FB84C45328D2292500701953 /* Build configuration list for PBXNativeTarget "Tests iOS" */ = {
			isa = XCConfigurationList;
			buildConfigurations = (
				FB84C45428D2292500701953 /* Debug */,
				FB84C45528D2292500701953 /* Release */,
			);
			defaultConfigurationIsVisible = 0;
			defaultConfigurationName = Release;
		};
		FB84C45628D2292500701953 /* Build configuration list for PBXNativeTarget "Tests macOS" */ = {
			isa = XCConfigurationList;
			buildConfigurations = (
				FB84C45728D2292500701953 /* Debug */,
				FB84C45828D2292500701953 /* Release */,
			);
			defaultConfigurationIsVisible = 0;
			defaultConfigurationName = Release;
		};
/* End XCConfigurationList section */

/* Begin XCRemoteSwiftPackageReference section */
		FB27A8FC299AAB9C000129B4 /* XCRemoteSwiftPackageReference "ChartView" */ = {
			isa = XCRemoteSwiftPackageReference;
			repositoryURL = "https://github.com/AppPear/ChartView";
			requirement = {
				kind = upToNextMajorVersion;
				minimumVersion = 1.0.0;
			};
		};
/* End XCRemoteSwiftPackageReference section */

/* Begin XCSwiftPackageProductDependency section */
		FB27A8FD299AABE0000129B4 /* SwiftUICharts */ = {
			isa = XCSwiftPackageProductDependency;
			package = FB27A8FC299AAB9C000129B4 /* XCRemoteSwiftPackageReference "ChartView" */;
			productName = SwiftUICharts;
		};
/* End XCSwiftPackageProductDependency section */
	};
	rootObject = FB84C41828D2291E00701953 /* Project object */;
}
